<?xml version="1.0" encoding="utf-8"?>
<Project ToolsVersion="4.0" xmlns="http://schemas.microsoft.com/developer/msbuild/2003">
  <ItemGroup>
    <Filter Include="Header Files">
      <UniqueIdentifier>{473A96AF-0B65-508B-8D36-F033305A0C56}</UniqueIdentifier>
    </Filter>
    <Filter Include="Lib">
      <UniqueIdentifier>{4B57A550-37C8-5484-86C3-51AECAFF9D2E}</UniqueIdentifier>
    </Filter>
    <Filter Include="Lib\Release">
      <UniqueIdentifier>{F0EB615F-9663-5D82-AF40-3EBB371B0A49}</UniqueIdentifier>
    </Filter>
    <Filter Include="Lib\debug">
      <UniqueIdentifier>{26A2B3D6-33F9-51A3-B80F-3198B3D1E7FB}</UniqueIdentifier>
    </Filter>
    <Filter Include="Resource Files">
      <UniqueIdentifier>{8F6ACD55-93A4-582A-BB12-C3FC32BDDE7E}</UniqueIdentifier>
    </Filter>
    <Filter Include="Source Files">
      <UniqueIdentifier>{04DF9720-9D44-5CF2-8296-7539D8FCD18F}</UniqueIdentifier>
    </Filter>
  </ItemGroup>
  <ItemGroup>
    <ClCompile Include=".\AnnuncePanel.cpp">
      <Filter>Source Files</Filter>
    </ClCompile>
    <ClCompile Include=".\Autoupdate.cpp">
      <Filter>Source Files</Filter>
    </ClCompile>
    <ClCompile Include=".\AutoupdateDlg.cpp">
      <Filter>Source Files</Filter>
    </ClCompile>
    <ClCompile Include=".\DefaultProcess.cpp">
      <Filter>Source Files</Filter>
    </ClCompile>
    <ClCompile Include=".\GameOptionPanel.cpp">
      <Filter>Source Files</Filter>
    </ClCompile>
    <ClCompile Include=".\HyperlinkStatic.cpp">
      <Filter>Source Files</Filter>
    </ClCompile>
    <ClCompile Include=".\ItermProcess.cpp">
      <Filter>Source Files</Filter>
    </ClCompile>
    <ClCompile Include=".\ItermProcessTypeCheck.cpp">
      <Filter>Source Files</Filter>
    </ClCompile>
    <ClCompile Include=".\lientGameOptionProcess.cpp">
      <Filter>Source Files</Filter>
    </ClCompile>
    <ClCompile Include=".\RecordProcess.cpp">
      <Filter>Source Files</Filter>
    </ClCompile>
    <ClCompile Include=".\SiteDlg.cpp">
      <Filter>Source Files</Filter>
    </ClCompile>
    <ClCompile Include=".\StartDlg.cpp">
      <Filter>Source Files</Filter>
    </ClCompile>
    <ClCompile Include=".\StdAfx.cpp">
      <Filter>Source Files</Filter>
    </ClCompile>
    <ClCompile Include=".\webbrowser2.cpp">
      <Filter>Source Files</Filter>
    </ClCompile>
  </ItemGroup>
  <ItemGroup>
    <ClInclude Include=".\AnnuncePanel.h">
      <Filter>Header Files</Filter>
    </ClInclude>
    <ClInclude Include=".\Autoupdate.h">
      <Filter>Header Files</Filter>
    </ClInclude>
    <ClInclude Include=".\AutoupdateDlg.h">
      <Filter>Header Files</Filter>
    </ClInclude>
    <ClInclude Include=".\AutoUpdateRes.h">
      <Filter>Header Files</Filter>
    </ClInclude>
    <ClInclude Include=".\DefaultProcess.h">
      <Filter>Header Files</Filter>
    </ClInclude>
    <ClInclude Include=".\GameOptionPanel.h">
      <Filter>Header Files</Filter>
    </ClInclude>
    <ClInclude Include=".\ItermProcess.h">
      <Filter>Header Files</Filter>
    </ClInclude>
    <ClInclude Include=".\ItermProcessTypeCheck.h">
      <Filter>Header Files</Filter>
    </ClInclude>
    <ClInclude Include=".\lientGameOptionProcess.h">
      <Filter>Header Files</Filter>
    </ClInclude>
    <ClInclude Include=".\RecordProcess.h">
      <Filter>Header Files</Filter>
    </ClInclude>
    <ClInclude Include=".\Resource.h">
      <Filter>Header Files</Filter>
    </ClInclude>
    <ClInclude Include=".\SiteDlg.h">
      <Filter>Header Files</Filter>
    </ClInclude>
    <ClInclude Include=".\StartDlg.h">
      <Filter>Header Files</Filter>
    </ClInclude>
    <ClInclude Include=".\StdAfx.h">
      <Filter>Header Files</Filter>
    </ClInclude>
    <ClInclude Include=".\webbrowser2.h">
      <Filter>Header Files</Filter>
    </ClInclude>
  </ItemGroup>
  <ItemGroup>
    <ResourceCompile Include=".\Autoupdate.rc">
      <Filter>Source Files</Filter>
    </ResourceCompile>
  </ItemGroup>
  <ItemGroup>
    <Library Include="..\..\Lib\release\engine.lib">
      <Filter>Lib\Release</Filter>
    </Library>
    <Library Include="..\..\Lib\debug\engine.lib">
      <Filter>Lib\debug</Filter>
    </Library>
  </ItemGroup>
  <ItemGroup>
    <Image Include=".\res\icon.ico">
      <Filter>Resource Files</Filter>
    </Image>
    <Image Include=".\res\新的升级程序_提示下载_底图.bmp">
      <Filter>Resource Files</Filter>
    </Image>
  </ItemGroup>
  <ItemGroup>
    <None Include=".\ReadMe.txt" />
  </ItemGroup>
</Project>
