<?xml version="1.0" encoding="utf-8"?>
<Project ToolsVersion="4.0" xmlns="http://schemas.microsoft.com/developer/msbuild/2003">
  <ItemGroup>
    <Filter Include="Header Files">
      <UniqueIdentifier>{13C22B9A-AA01-5718-912F-42A40E1D5E06}</UniqueIdentifier>
    </Filter>
    <Filter Include="Source Files">
      <UniqueIdentifier>{31B2072D-67D1-58B4-84A7-91509D5E57CB}</UniqueIdentifier>
    </Filter>
  </ItemGroup>
  <ItemGroup>
    <ClCompile Include=".\FilterText.cpp">
      <Filter>Source Files</Filter>
    </ClCompile>
    <ClCompile Include=".\Regexp.cpp">
      <Filter>Source Files</Filter>
    </ClCompile>
    <ClCompile Include=".\StdAfx.cpp">
      <Filter>Source Files</Filter>
    </ClCompile>
  </ItemGroup>
  <ItemGroup>
    <ClInclude Include=".\FilterText.h">
      <Filter>Header Files</Filter>
    </ClInclude>
    <ClInclude Include=".\Regexp.h">
      <Filter>Header Files</Filter>
    </ClInclude>
    <ClInclude Include=".\StdAfx.h">
      <Filter>Header Files</Filter>
    </ClInclude>
  </ItemGroup>
  <ItemGroup>
    <None Include=".\ReadMe.txt" />
  </ItemGroup>
</Project>
