<?xml version="1.0" encoding="utf-8"?>
<Project ToolsVersion="4.0" xmlns="http://schemas.microsoft.com/developer/msbuild/2003">
  <ItemGroup>
    <Filter Include="Header Files">
      <UniqueIdentifier>{5BB56989-BE41-5308-93B1-48EACD6ACAE5}</UniqueIdentifier>
    </Filter>
    <Filter Include="Source Files">
      <UniqueIdentifier>{E023FE2A-C3C6-56F8-8B52-DBC2A135FFA2}</UniqueIdentifier>
    </Filter>
  </ItemGroup>
  <ItemGroup>
    <ClCompile Include="..\ExpandPackage2.0\BlockSource.cpp">
      <Filter>Source Files</Filter>
    </ClCompile>
    <ClCompile Include="..\ExpandPackage2.0\DataPointFromStream.cpp">
      <Filter>Source Files</Filter>
    </ClCompile>
    <ClCompile Include="..\ExpandPackage2.0\DataSource.cpp">
      <Filter>Source Files</Filter>
    </ClCompile>
    <ClCompile Include="..\ExpandPackage2.0\ExpandPackage.cpp">
      <Filter>Source Files</Filter>
    </ClCompile>
    <ClCompile Include="..\ExpandPackage2.0\Interval.cpp">
      <Filter>Source Files</Filter>
    </ClCompile>
    <ClCompile Include="..\ExpandPackage2.0\Package.cpp">
      <Filter>Source Files</Filter>
    </ClCompile>
    <ClCompile Include="..\ExpandPackage2.0\PackageFileHead.cpp">
      <Filter>Source Files</Filter>
    </ClCompile>
    <ClCompile Include="..\ExpandPackage2.0\StdAfx.cpp">
      <Filter>Source Files</Filter>
    </ClCompile>
  </ItemGroup>
  <ItemGroup>
    <ClInclude Include="..\ExpandPackage2.0\BlockSource.h">
      <Filter>Header Files</Filter>
    </ClInclude>
    <ClInclude Include="..\ExpandPackage2.0\DataPointFromStream.h">
      <Filter>Header Files</Filter>
    </ClInclude>
    <ClInclude Include="..\ExpandPackage2.0\DataSource.h">
      <Filter>Header Files</Filter>
    </ClInclude>
    <ClInclude Include="..\ExpandPackage2.0\Interval.h">
      <Filter>Header Files</Filter>
    </ClInclude>
    <ClInclude Include="..\ExpandPackage2.0\Package.h">
      <Filter>Header Files</Filter>
    </ClInclude>
    <ClInclude Include="..\ExpandPackage2.0\PackageFileHead.h">
      <Filter>Header Files</Filter>
    </ClInclude>
    <ClInclude Include="..\ExpandPackage2.0\StdAfx.h">
      <Filter>Header Files</Filter>
    </ClInclude>
  </ItemGroup>
</Project>
