<?xml version="1.0" encoding="utf-8"?>
<Project ToolsVersion="4.0" xmlns="http://schemas.microsoft.com/developer/msbuild/2003">
  <ItemGroup>
    <Filter Include="Header Files">
      <UniqueIdentifier>{C47D8EE3-2038-59ED-87C8-C920D6B2E364}</UniqueIdentifier>
    </Filter>
    <Filter Include="Source Files">
      <UniqueIdentifier>{F45AE4EC-FF8F-5B4E-8A26-F9DE2F5FC70F}</UniqueIdentifier>
    </Filter>
  </ItemGroup>
  <ItemGroup>
    <ClCompile Include=".\BlockSource.cpp">
      <Filter>Source Files</Filter>
    </ClCompile>
    <ClCompile Include=".\DataPointFromStream.cpp">
      <Filter>Source Files</Filter>
    </ClCompile>
    <ClCompile Include=".\DataSource.cpp">
      <Filter>Source Files</Filter>
    </ClCompile>
    <ClCompile Include=".\ExpandPackage.cpp">
      <Filter>Source Files</Filter>
    </ClCompile>
    <ClCompile Include=".\Interval.cpp">
      <Filter>Source Files</Filter>
    </ClCompile>
    <ClCompile Include=".\Package.cpp">
      <Filter>Source Files</Filter>
    </ClCompile>
    <ClCompile Include=".\PackageFileHead.cpp">
      <Filter>Source Files</Filter>
    </ClCompile>
    <ClCompile Include=".\StdAfx.cpp">
      <Filter>Source Files</Filter>
    </ClCompile>
  </ItemGroup>
  <ItemGroup>
    <ClInclude Include=".\BlockSource.h">
      <Filter>Header Files</Filter>
    </ClInclude>
    <ClInclude Include=".\DataPointFromStream.h">
      <Filter>Header Files</Filter>
    </ClInclude>
    <ClInclude Include=".\DataSource.h">
      <Filter>Header Files</Filter>
    </ClInclude>
    <ClInclude Include=".\Interval.h">
      <Filter>Header Files</Filter>
    </ClInclude>
    <ClInclude Include=".\Package.h">
      <Filter>Header Files</Filter>
    </ClInclude>
    <ClInclude Include=".\PackageFileHead.h">
      <Filter>Header Files</Filter>
    </ClInclude>
    <ClInclude Include=".\StdAfx.h">
      <Filter>Header Files</Filter>
    </ClInclude>
  </ItemGroup>
  <ItemGroup>
    <None Include=".\ExpandPackage.def">
      <Filter>Source Files</Filter>
    </None>
    <None Include=".\ReadMe.txt" />
  </ItemGroup>
</Project>
