<?xml version="1.0" encoding="utf-8"?>
<Project ToolsVersion="4.0" xmlns="http://schemas.microsoft.com/developer/msbuild/2003">
  <ItemGroup>
    <Filter Include="Header Files">
      <UniqueIdentifier>{3E2F43CB-0AE3-5D60-A95C-7A37FAF7BC58}</UniqueIdentifier>
    </Filter>
    <Filter Include="Resource Files">
      <UniqueIdentifier>{915C0302-BFB7-5FB0-9DD7-970E6B4BF07A}</UniqueIdentifier>
    </Filter>
    <Filter Include="Source Files">
      <UniqueIdentifier>{B4226FEF-B440-52A7-B529-1B52C31E2C58}</UniqueIdentifier>
    </Filter>
    <Filter Include="lib">
      <UniqueIdentifier>{6F8E968A-4476-5942-AA8E-259DC14A3CB5}</UniqueIdentifier>
    </Filter>
    <Filter Include="lib\debug">
      <UniqueIdentifier>{69B429A6-D2CB-5307-8576-70E874332A90}</UniqueIdentifier>
    </Filter>
    <Filter Include="lib\release">
      <UniqueIdentifier>{037A3A1F-1EC3-540A-9EE2-C812B5335DEC}</UniqueIdentifier>
    </Filter>
  </ItemGroup>
  <ItemGroup>
    <ClCompile Include=".\Application.cpp">
      <Filter>Source Files</Filter>
    </ClCompile>
    <ClCompile Include=".\Bishop.cpp">
      <Filter>Source Files</Filter>
    </ClCompile>
    <ClCompile Include="..\Common\Event.cpp">
      <Filter>Source Files</Filter>
    </ClCompile>
    <ClCompile Include=".\GamePlayer.cpp">
      <Filter>Source Files</Filter>
    </ClCompile>
    <ClCompile Include=".\GameServer.cpp">
      <Filter>Source Files</Filter>
    </ClCompile>
    <ClCompile Include=".\Intercessor.cpp">
      <Filter>Source Files</Filter>
    </ClCompile>
    <ClCompile Include=".\Network.cpp">
      <Filter>Source Files</Filter>
    </ClCompile>
    <ClCompile Include=".\PlayerCreator.cpp">
      <Filter>Source Files</Filter>
    </ClCompile>
    <ClCompile Include=".\SmartClient.cpp">
      <Filter>Source Files</Filter>
    </ClCompile>
    <ClCompile Include=".\StdAfx.cpp">
      <Filter>Source Files</Filter>
    </ClCompile>
  </ItemGroup>
  <ItemGroup>
    <ClInclude Include=".\Application.h">
      <Filter>Header Files</Filter>
    </ClInclude>
    <ClInclude Include=".\GamePlayer.h">
      <Filter>Header Files</Filter>
    </ClInclude>
    <ClInclude Include=".\GameServer.h">
      <Filter>Header Files</Filter>
    </ClInclude>
    <ClInclude Include=".\ICommand.h">
      <Filter>Header Files</Filter>
    </ClInclude>
    <ClInclude Include=".\IGServer.h">
      <Filter>Header Files</Filter>
    </ClInclude>
    <ClInclude Include=".\Intercessor.h">
      <Filter>Header Files</Filter>
    </ClInclude>
    <ClInclude Include=".\IPlayer.h">
      <Filter>Header Files</Filter>
    </ClInclude>
    <ClInclude Include=".\msg_define.h">
      <Filter>Header Files</Filter>
    </ClInclude>
    <ClInclude Include=".\Network.h">
      <Filter>Header Files</Filter>
    </ClInclude>
    <ClInclude Include=".\PlayerCreator.h">
      <Filter>Header Files</Filter>
    </ClInclude>
    <ClInclude Include=".\SmartClient.h">
      <Filter>Header Files</Filter>
    </ClInclude>
    <ClInclude Include=".\StdAfx.h">
      <Filter>Header Files</Filter>
    </ClInclude>
    <ClInclude Include=".\resource.h">
      <Filter>Resource Files</Filter>
    </ClInclude>
  </ItemGroup>
  <ItemGroup>
    <ResourceCompile Include=".\Bishop.rc">
      <Filter>Resource Files</Filter>
    </ResourceCompile>
  </ItemGroup>
  <ItemGroup>
    <Library Include="..\..\..\Lib\release\common.lib">
      <Filter>lib\release</Filter>
    </Library>
    <Library Include="..\..\..\Lib\release\engine.lib">
      <Filter>lib\release</Filter>
    </Library>
    <Library Include="..\..\..\Lib\debug\common.lib">
      <Filter>lib\debug</Filter>
    </Library>
    <Library Include="..\..\..\Lib\debug\engine.lib">
      <Filter>lib\debug</Filter>
    </Library>
  </ItemGroup>
  <ItemGroup>
    <Image Include=".\res\lock.ico">
      <Filter>Resource Files</Filter>
    </Image>
  </ItemGroup>
  <ItemGroup>
    <None Include=".\ReadMe.txt" />
  </ItemGroup>
</Project>
