<?xml version="1.0" encoding="utf-8"?>
<Project ToolsVersion="4.0" xmlns="http://schemas.microsoft.com/developer/msbuild/2003">
  <ItemGroup>
    <Filter Include="Header Files">
      <UniqueIdentifier>{E0A42011-4DD5-5D34-90E2-EBA12ACAE1C0}</UniqueIdentifier>
    </Filter>
    <Filter Include="Source Files">
      <UniqueIdentifier>{EDF55C38-0908-5833-A62C-C3E7058D37DA}</UniqueIdentifier>
    </Filter>
  </ItemGroup>
  <ItemGroup>
    <ClCompile Include=".\CriticalSection.cpp">
      <Filter>Source Files</Filter>
    </ClCompile>
    <ClCompile Include=".\Event.cpp">
      <Filter>Source Files</Filter>
    </ClCompile>
    <ClCompile Include=".\EventSelect.cpp">
      <Filter>Source Files</Filter>
    </ClCompile>
    <ClCompile Include=".\Exception.cpp">
      <Filter>Source Files</Filter>
    </ClCompile>
    <ClCompile Include=".\IOBuffer.cpp">
      <Filter>Source Files</Filter>
    </ClCompile>
    <ClCompile Include=".\ManualResetEvent.cpp">
      <Filter>Source Files</Filter>
    </ClCompile>
    <ClCompile Include=".\NodeList.cpp">
      <Filter>Source Files</Filter>
    </ClCompile>
    <ClCompile Include=".\Socket.cpp">
      <Filter>Source Files</Filter>
    </ClCompile>
    <ClCompile Include=".\SocketClient.cpp">
      <Filter>Source Files</Filter>
    </ClCompile>
    <ClCompile Include=".\Thread.cpp">
      <Filter>Source Files</Filter>
    </ClCompile>
    <ClCompile Include=".\UsesWinsock.cpp">
      <Filter>Source Files</Filter>
    </ClCompile>
    <ClCompile Include=".\Utils.cpp">
      <Filter>Source Files</Filter>
    </ClCompile>
    <ClCompile Include=".\Win32Exception.cpp">
      <Filter>Source Files</Filter>
    </ClCompile>
  </ItemGroup>
  <ItemGroup>
    <ClInclude Include=".\CriticalSection.h">
      <Filter>Header Files</Filter>
    </ClInclude>
    <ClInclude Include=".\Event.h">
      <Filter>Header Files</Filter>
    </ClInclude>
    <ClInclude Include=".\EventSelect.h">
      <Filter>Header Files</Filter>
    </ClInclude>
    <ClInclude Include=".\Exception.h">
      <Filter>Header Files</Filter>
    </ClInclude>
    <ClInclude Include=".\IOBuffer.h">
      <Filter>Header Files</Filter>
    </ClInclude>
    <ClInclude Include=".\ManualResetEvent.h">
      <Filter>Header Files</Filter>
    </ClInclude>
    <ClInclude Include=".\NodeList.h">
      <Filter>Header Files</Filter>
    </ClInclude>
    <ClInclude Include=".\OpaqueUserData.h">
      <Filter>Header Files</Filter>
    </ClInclude>
    <ClInclude Include=".\Socket.h">
      <Filter>Header Files</Filter>
    </ClInclude>
    <ClInclude Include=".\SocketClient.h">
      <Filter>Header Files</Filter>
    </ClInclude>
    <ClInclude Include=".\Thread.h">
      <Filter>Header Files</Filter>
    </ClInclude>
    <ClInclude Include=".\tstring.h">
      <Filter>Header Files</Filter>
    </ClInclude>
    <ClInclude Include=".\UsesWinsock.h">
      <Filter>Header Files</Filter>
    </ClInclude>
    <ClInclude Include=".\Utils.h">
      <Filter>Header Files</Filter>
    </ClInclude>
    <ClInclude Include=".\Win32Exception.h">
      <Filter>Header Files</Filter>
    </ClInclude>
  </ItemGroup>
</Project>
