<?xml version="1.0" encoding="utf-8"?>
<Project ToolsVersion="4.0" xmlns="http://schemas.microsoft.com/developer/msbuild/2003">
  <ItemGroup>
    <Filter Include="NewUI">
      <UniqueIdentifier>{ABD04563-0BF4-5C93-9F05-62274316D7F1}</UniqueIdentifier>
    </Filter>
    <Filter Include="lib">
      <UniqueIdentifier>{DD6BB1C0-36CC-504D-B56D-9945039719A1}</UniqueIdentifier>
    </Filter>
    <Filter Include="lib\debug">
      <UniqueIdentifier>{D81B2B9A-BF6C-5703-98D0-C6D368BE568C}</UniqueIdentifier>
    </Filter>
    <Filter Include="lib\release">
      <UniqueIdentifier>{9CA2BB75-4C1A-5246-B618-7B59BD00F8D8}</UniqueIdentifier>
    </Filter>
    <Filter Include="其它">
      <UniqueIdentifier>{88ABCAEC-CEAD-51DE-9757-6176A96111C1}</UniqueIdentifier>
    </Filter>
    <Filter Include="文字命令控制">
      <UniqueIdentifier>{A7B62AB3-AABA-5C07-BC33-E62A9621057C}</UniqueIdentifier>
    </Filter>
    <Filter Include="界面">
      <UniqueIdentifier>{C6B35366-422B-5132-AA6F-5331AA835ABD}</UniqueIdentifier>
    </Filter>
    <Filter Include="界面\界面基础">
      <UniqueIdentifier>{67A1C6E2-DF92-5198-9558-B8B63BFAAF87}</UniqueIdentifier>
    </Filter>
    <Filter Include="界面\界面声音">
      <UniqueIdentifier>{B7572E3F-CFA1-569C-A894-6403A96BFD26}</UniqueIdentifier>
    </Filter>
    <Filter Include="界面\界面应用">
      <UniqueIdentifier>{13930684-1EC8-5616-962D-079ECF290411}</UniqueIdentifier>
    </Filter>
    <Filter Include="界面\界面应用\世界地图">
      <UniqueIdentifier>{18B1DBB1-6AF1-50D7-9C70-16A067F49C61}</UniqueIdentifier>
    </Filter>
    <Filter Include="界面\界面应用\主角信息,状态界面">
      <UniqueIdentifier>{68F8A5CF-D1D4-5F47-90AF-A7EAEF1672BD}</UniqueIdentifier>
    </Filter>
    <Filter Include="界面\界面应用\交易">
      <UniqueIdentifier>{BFC34E73-0075-5D54-B3A2-8C789AE6E7E2}</UniqueIdentifier>
    </Filter>
    <Filter Include="界面\界面应用\任务记录">
      <UniqueIdentifier>{B1F5F712-1850-5D35-B50C-43A0726EB9A5}</UniqueIdentifier>
    </Filter>
    <Filter Include="界面\界面应用\其他界面">
      <UniqueIdentifier>{3D6CDE0E-CFFA-52D5-ADDF-8DA46DADC37C}</UniqueIdentifier>
    </Filter>
    <Filter Include="界面\界面应用\初始界面">
      <UniqueIdentifier>{A0444C20-8EF5-5227-A579-8A4A9D8FBD00}</UniqueIdentifier>
    </Filter>
    <Filter Include="界面\界面应用\小地图">
      <UniqueIdentifier>{DCB8B557-A5B0-5DD1-A2B1-AE36FBB232AE}</UniqueIdentifier>
    </Filter>
    <Filter Include="界面\界面应用\屏幕顶行控制条与消息界面">
      <UniqueIdentifier>{87F54346-6C4A-591A-A087-C1CAB04FCCB0}</UniqueIdentifier>
    </Filter>
    <Filter Include="界面\界面应用\帮会界面">
      <UniqueIdentifier>{6CA428B6-296B-5CE0-930A-96F62C2B95E7}</UniqueIdentifier>
    </Filter>
    <Filter Include="界面\界面应用\帮助界面">
      <UniqueIdentifier>{1ADCBA24-D5E3-5A6C-B58F-EF28EBD5C4D2}</UniqueIdentifier>
    </Filter>
    <Filter Include="界面\界面应用\打造物品界面">
      <UniqueIdentifier>{0206EB65-67F8-5F04-9A13-8C1EBA5B90A2}</UniqueIdentifier>
    </Filter>
    <Filter Include="界面\界面应用\排名界面">
      <UniqueIdentifier>{60C86873-E044-5EA4-BB05-ABF59EDAFDCD}</UniqueIdentifier>
    </Filter>
    <Filter Include="界面\界面应用\提示窗口">
      <UniqueIdentifier>{D9CCF1C9-BF48-58B2-AF62-CE58ED1CE401}</UniqueIdentifier>
    </Filter>
    <Filter Include="界面\界面应用\播放video">
      <UniqueIdentifier>{99AFB6BA-0771-598C-9939-196E7021387E}</UniqueIdentifier>
    </Filter>
    <Filter Include="界面\界面应用\新手进入界面">
      <UniqueIdentifier>{6112EE48-FB1E-565F-B9D7-835A4535FF9E}</UniqueIdentifier>
    </Filter>
    <Filter Include="界面\界面应用\新闻窗口">
      <UniqueIdentifier>{F3A7CE1F-DF3D-5A05-A7D4-95366E3F3FE7}</UniqueIdentifier>
    </Filter>
    <Filter Include="界面\界面应用\游戏世界窗口">
      <UniqueIdentifier>{4A779E4E-76B5-54FB-956A-3D829F2AA082}</UniqueIdentifier>
    </Filter>
    <Filter Include="界面\界面应用\登陆界面">
      <UniqueIdentifier>{5A37A1C6-9EFA-5498-A6BA-009828341E23}</UniqueIdentifier>
    </Filter>
    <Filter Include="界面\界面应用\管理界面">
      <UniqueIdentifier>{31FA30A1-0151-5517-926A-51CD06ED3191}</UniqueIdentifier>
    </Filter>
    <Filter Include="界面\界面应用\系统消息">
      <UniqueIdentifier>{528790F8-E7BC-5772-B379-D3605856262F}</UniqueIdentifier>
    </Filter>
    <Filter Include="界面\界面应用\组队">
      <UniqueIdentifier>{0E5316BF-EBAA-5702-9833-77BCA93C7C3D}</UniqueIdentifier>
    </Filter>
    <Filter Include="界面\界面应用\聊天">
      <UniqueIdentifier>{8E0603A9-2BA4-5292-B3F6-17B02E05019C}</UniqueIdentifier>
    </Filter>
    <Filter Include="界面\界面应用\自动重连">
      <UniqueIdentifier>{98905383-533C-577B-A2EF-E60713B2A784}</UniqueIdentifier>
    </Filter>
    <Filter Include="界面\界面应用\角色选择">
      <UniqueIdentifier>{A6349AAC-6F57-5CAD-80AB-06FC817A4C98}</UniqueIdentifier>
    </Filter>
    <Filter Include="界面\界面应用\选项界面">
      <UniqueIdentifier>{9044DA2A-0EA1-5EDE-B4C2-FE94F511809D}</UniqueIdentifier>
    </Filter>
    <Filter Include="界面\界面应用\选颜色">
      <UniqueIdentifier>{3FF3BE1B-D539-52E3-8AC6-4FAD6F8CD7FF}</UniqueIdentifier>
    </Filter>
    <Filter Include="界面\界面应用\道具,装备,技能界面、储物箱">
      <UniqueIdentifier>{F9070905-A1A0-5C33-8530-783942CE358F}</UniqueIdentifier>
    </Filter>
    <Filter Include="登陆">
      <UniqueIdentifier>{9A5B836A-CDD4-53B2-9D35-C9F597FFF402}</UniqueIdentifier>
    </Filter>
    <Filter Include="网络连接">
      <UniqueIdentifier>{0EA7DB1B-BF21-5049-8DB8-2D0DC7C5DC17}</UniqueIdentifier>
    </Filter>
  </ItemGroup>
  <ItemGroup>
    <ClCompile Include=".\Ui\Elem\AutoLocateWnd.cpp">
      <Filter>界面\界面基础</Filter>
    </ClCompile>
    <ClCompile Include=".\Ui\Elem\ComWindow.cpp">
      <Filter>界面\界面基础</Filter>
    </ClCompile>
    <ClCompile Include=".\Ui\Elem\MouseHover.cpp">
      <Filter>界面\界面基础</Filter>
    </ClCompile>
    <ClCompile Include=".\Ui\Elem\PopupMenu.cpp">
      <Filter>界面\界面基础</Filter>
    </ClCompile>
    <ClCompile Include=".\Ui\Elem\SpecialFuncs.cpp">
      <Filter>界面\界面基础</Filter>
    </ClCompile>
    <ClCompile Include=".\Ui\Elem\TextPic.cpp">
      <Filter>界面\界面基础</Filter>
    </ClCompile>
    <ClCompile Include=".\Ui\Elem\UiCursor.cpp">
      <Filter>界面\界面基础</Filter>
    </ClCompile>
    <ClCompile Include=".\Ui\Elem\UiImage.cpp">
      <Filter>界面\界面基础</Filter>
    </ClCompile>
    <ClCompile Include=".\Ui\Elem\WndButton.cpp">
      <Filter>界面\界面基础</Filter>
    </ClCompile>
    <ClCompile Include=".\Ui\Elem\WndChessPanel.cpp">
      <Filter>界面\界面基础</Filter>
    </ClCompile>
    <ClCompile Include=".\Ui\Elem\WndEdit.cpp">
      <Filter>界面\界面基础</Filter>
    </ClCompile>
    <ClCompile Include=".\Ui\Elem\WndImage.cpp">
      <Filter>界面\界面基础</Filter>
    </ClCompile>
    <ClCompile Include=".\Ui\Elem\WndImagePart.cpp">
      <Filter>界面\界面基础</Filter>
    </ClCompile>
    <ClCompile Include=".\Ui\Elem\WndLabeledButton.cpp">
      <Filter>界面\界面基础</Filter>
    </ClCompile>
    <ClCompile Include=".\Ui\Elem\WndList.cpp">
      <Filter>界面\界面基础</Filter>
    </ClCompile>
    <ClCompile Include=".\Ui\Elem\WndList2.cpp">
      <Filter>界面\界面基础</Filter>
    </ClCompile>
    <ClCompile Include=".\Ui\Elem\WndMessageListBox.cpp">
      <Filter>界面\界面基础</Filter>
    </ClCompile>
    <ClCompile Include=".\Ui\Elem\WndMovingImage.cpp">
      <Filter>界面\界面基础</Filter>
    </ClCompile>
    <ClCompile Include=".\Ui\Elem\WndObjContainer.cpp">
      <Filter>界面\界面基础</Filter>
    </ClCompile>
    <ClCompile Include=".\Ui\Elem\WndPage.cpp">
      <Filter>界面\界面基础</Filter>
    </ClCompile>
    <ClCompile Include=".\Ui\Elem\WndPureTextBtn.cpp">
      <Filter>界面\界面基础</Filter>
    </ClCompile>
    <ClCompile Include=".\Ui\Elem\Wnds.cpp">
      <Filter>界面\界面基础</Filter>
    </ClCompile>
    <ClCompile Include=".\Ui\Elem\WndScrollBar.cpp">
      <Filter>界面\界面基础</Filter>
    </ClCompile>
    <ClCompile Include=".\Ui\elem\WndShadow.cpp">
      <Filter>界面\界面基础</Filter>
    </ClCompile>
    <ClCompile Include=".\Ui\Elem\WndShowAnimate.cpp">
      <Filter>界面\界面基础</Filter>
    </ClCompile>
    <ClCompile Include=".\Ui\Elem\WndText.cpp">
      <Filter>界面\界面基础</Filter>
    </ClCompile>
    <ClCompile Include=".\Ui\Elem\WndToolBar.cpp">
      <Filter>界面\界面基础</Filter>
    </ClCompile>
    <ClCompile Include=".\Ui\Elem\WndValueImage.cpp">
      <Filter>界面\界面基础</Filter>
    </ClCompile>
    <ClCompile Include=".\Ui\Elem\WndWindow.cpp">
      <Filter>界面\界面基础</Filter>
    </ClCompile>
    <ClCompile Include=".\Ui\UiCase\UiConnectInfo.cpp">
      <Filter>界面\界面应用\登陆界面</Filter>
    </ClCompile>
    <ClCompile Include=".\Ui\UiCase\UiLogin.cpp">
      <Filter>界面\界面应用\登陆界面</Filter>
    </ClCompile>
    <ClCompile Include=".\Ui\UiCase\UiLoginBg.cpp">
      <Filter>界面\界面应用\登陆界面</Filter>
    </ClCompile>
    <ClCompile Include=".\Ui\UiCase\UiSelServer.cpp">
      <Filter>界面\界面应用\登陆界面</Filter>
    </ClCompile>
    <ClCompile Include=".\Ui\UiCase\UiContainer.cpp">
      <Filter>界面\界面应用\主角信息,状态界面</Filter>
    </ClCompile>
    <ClCompile Include=".\Ui\UiCase\UiFaceSelector.cpp">
      <Filter>界面\界面应用\主角信息,状态界面</Filter>
    </ClCompile>
    <ClCompile Include=".\Ui\UiCase\UiPlayerBar.cpp">
      <Filter>界面\界面应用\主角信息,状态界面</Filter>
    </ClCompile>
    <ClCompile Include=".\Ui\UiCase\UiStatus.cpp">
      <Filter>界面\界面应用\主角信息,状态界面</Filter>
    </ClCompile>
    <ClCompile Include=".\Ui\UiCase\UiManage.cpp">
      <Filter>界面\界面应用\管理界面</Filter>
    </ClCompile>
    <ClCompile Include=".\Ui\UiCase\UiOptions.cpp">
      <Filter>界面\界面应用\选项界面</Filter>
    </ClCompile>
    <ClCompile Include=".\Ui\UiCase\UiInit.cpp">
      <Filter>界面\界面应用\初始界面</Filter>
    </ClCompile>
    <ClCompile Include=".\Ui\UiCase\UiGetMoney.cpp">
      <Filter>界面\界面应用\道具,装备,技能界面、储物箱</Filter>
    </ClCompile>
    <ClCompile Include=".\Ui\UiCase\UiItem.cpp">
      <Filter>界面\界面应用\道具,装备,技能界面、储物箱</Filter>
    </ClCompile>
    <ClCompile Include=".\Ui\UiCase\UiSkills.cpp">
      <Filter>界面\界面应用\道具,装备,技能界面、储物箱</Filter>
    </ClCompile>
    <ClCompile Include=".\Ui\UiCase\UiSkillTree.cpp">
      <Filter>界面\界面应用\道具,装备,技能界面、储物箱</Filter>
    </ClCompile>
    <ClCompile Include=".\Ui\uicase\UiStoreBox.cpp">
      <Filter>界面\界面应用\道具,装备,技能界面、储物箱</Filter>
    </ClCompile>
    <ClCompile Include=".\Ui\UiCase\UiESCDlg.cpp">
      <Filter>界面\界面应用\其他界面</Filter>
    </ClCompile>
    <ClCompile Include=".\Ui\UiCase\UiGetString.cpp">
      <Filter>界面\界面应用\其他界面</Filter>
    </ClCompile>
    <ClCompile Include=".\Ui\UiCase\UiMsgSel.cpp">
      <Filter>界面\界面应用\其他界面</Filter>
    </ClCompile>
    <ClCompile Include=".\Ui\UiCase\UiParadeItem.cpp">
      <Filter>界面\界面应用\其他界面</Filter>
    </ClCompile>
    <ClCompile Include=".\Ui\UiCase\UiSelPlayerNearby.cpp">
      <Filter>界面\界面应用\其他界面</Filter>
    </ClCompile>
    <ClCompile Include=".\Ui\UiCase\UiNewPlayer.cpp">
      <Filter>界面\界面应用\角色选择</Filter>
    </ClCompile>
    <ClCompile Include=".\Ui\UiCase\UiSelNativePlace.cpp">
      <Filter>界面\界面应用\角色选择</Filter>
    </ClCompile>
    <ClCompile Include=".\Ui\UiCase\UiSelPlayer.cpp">
      <Filter>界面\界面应用\角色选择</Filter>
    </ClCompile>
    <ClCompile Include=".\Ui\UiCase\UiChannelSubscibe.cpp">
      <Filter>界面\界面应用\聊天</Filter>
    </ClCompile>
    <ClCompile Include=".\Ui\UiCase\UiChatCentre.cpp">
      <Filter>界面\界面应用\聊天</Filter>
    </ClCompile>
    <ClCompile Include=".\Ui\UiChatPhrase.cpp">
      <Filter>界面\界面应用\聊天</Filter>
    </ClCompile>
    <ClCompile Include=".\Ui\UiCase\UiChatStatus.cpp">
      <Filter>界面\界面应用\聊天</Filter>
    </ClCompile>
    <ClCompile Include=".\Ui\UiCase\UiInformation.cpp">
      <Filter>界面\界面应用\提示窗口</Filter>
    </ClCompile>
    <ClCompile Include=".\Ui\UiCase\UiInformation2.cpp">
      <Filter>界面\界面应用\提示窗口</Filter>
    </ClCompile>
    <ClCompile Include=".\Ui\UiCase\UiTeamManage.cpp">
      <Filter>界面\界面应用\组队</Filter>
    </ClCompile>
    <ClCompile Include=".\Ui\UiCase\UiHeaderControlBar.cpp">
      <Filter>界面\界面应用\屏幕顶行控制条与消息界面</Filter>
    </ClCompile>
    <ClCompile Include=".\Ui\uicase\UiMsgCentrePad.cpp">
      <Filter>界面\界面应用\屏幕顶行控制条与消息界面</Filter>
    </ClCompile>
    <ClCompile Include=".\Ui\UiCase\UiToolsControlBar.cpp">
      <Filter>界面\界面应用\屏幕顶行控制条与消息界面</Filter>
    </ClCompile>
    <ClCompile Include=".\Ui\UIcase\UiShop.cpp">
      <Filter>界面\界面应用\交易</Filter>
    </ClCompile>
    <ClCompile Include=".\Ui\UiCase\UiTrade.cpp">
      <Filter>界面\界面应用\交易</Filter>
    </ClCompile>
    <ClCompile Include=".\Ui\UiCase\UiTradeConfirmWnd.cpp">
      <Filter>界面\界面应用\交易</Filter>
    </ClCompile>
    <ClCompile Include=".\Ui\UiCase\UiGame.cpp">
      <Filter>界面\界面应用\游戏世界窗口</Filter>
    </ClCompile>
    <ClCompile Include=".\Ui\UiCase\UiSysMsgCentre.cpp">
      <Filter>界面\界面应用\系统消息</Filter>
    </ClCompile>
    <ClCompile Include=".\Ui\uicase\UiMiniMap.cpp">
      <Filter>界面\界面应用\小地图</Filter>
    </ClCompile>
    <ClCompile Include=".\Ui\UiCase\UiSelColor.cpp">
      <Filter>界面\界面应用\选颜色</Filter>
    </ClCompile>
    <ClCompile Include=".\Ui\UiCase\UiNewPlayerStartMsg.cpp">
      <Filter>界面\界面应用\新手进入界面</Filter>
    </ClCompile>
    <ClCompile Include=".\Ui\UiCase\UiPlayVideo.cpp">
      <Filter>界面\界面应用\播放video</Filter>
    </ClCompile>
    <ClCompile Include=".\Ui\UiCase\UiHelper.cpp">
      <Filter>界面\界面应用\帮助界面</Filter>
    </ClCompile>
    <ClCompile Include=".\Ui\UiCase\UiHelper2.cpp">
      <Filter>界面\界面应用\帮助界面</Filter>
    </ClCompile>
    <ClCompile Include=".\Ui\UiCase\UiReconnect.cpp">
      <Filter>界面\界面应用\自动重连</Filter>
    </ClCompile>
    <ClCompile Include=".\Ui\UiCase\UiTaskDataFile.cpp">
      <Filter>界面\界面应用\任务记录</Filter>
    </ClCompile>
    <ClCompile Include=".\Ui\UiCase\UiTaskNote.cpp">
      <Filter>界面\界面应用\任务记录</Filter>
    </ClCompile>
    <ClCompile Include=".\Ui\UiCase\UiWorldMap.cpp">
      <Filter>界面\界面应用\世界地图</Filter>
    </ClCompile>
    <ClCompile Include=".\Ui\UiCase\UiNewsMessage.cpp">
      <Filter>界面\界面应用\新闻窗口</Filter>
    </ClCompile>
    <ClCompile Include=".\Ui\UiCase\UiStrengthRank.cpp">
      <Filter>界面\界面应用\排名界面</Filter>
    </ClCompile>
    <ClCompile Include=".\ui\uicase\UiPopupPasswordQuery.cpp">
      <Filter>界面\界面应用\帮会界面</Filter>
    </ClCompile>
    <ClCompile Include=".\ui\uicase\UiTongAssignBox.cpp">
      <Filter>界面\界面应用\帮会界面</Filter>
    </ClCompile>
    <ClCompile Include=".\ui\uicase\UiTongCreateSheet.cpp">
      <Filter>界面\界面应用\帮会界面</Filter>
    </ClCompile>
    <ClCompile Include=".\Ui\UiCase\UiTongDistrib.cpp">
      <Filter>界面\界面应用\帮会界面</Filter>
    </ClCompile>
    <ClCompile Include=".\Ui\UiCase\UiTongGetString.cpp">
      <Filter>界面\界面应用\帮会界面</Filter>
    </ClCompile>
    <ClCompile Include=".\ui\uicase\UiTongManager.cpp">
      <Filter>界面\界面应用\帮会界面</Filter>
    </ClCompile>
    <ClCompile Include=".\ui\uicase\UiTrembleItem.cpp">
      <Filter>界面\界面应用\打造物品界面</Filter>
    </ClCompile>
    <ClCompile Include=".\Ui\UiSoundSetting.cpp">
      <Filter>界面\界面声音</Filter>
    </ClCompile>
    <ClCompile Include=".\Ui\GameSpaceChangedNotify.cpp">
      <Filter>界面</Filter>
    </ClCompile>
    <ClCompile Include=".\Ui\ShortcutKey.cpp">
      <Filter>界面</Filter>
    </ClCompile>
    <ClCompile Include=".\Ui\UiBase.cpp">
      <Filter>界面</Filter>
    </ClCompile>
    <ClCompile Include=".\Ui\UiShell.cpp">
      <Filter>界面</Filter>
    </ClCompile>
    <ClCompile Include=".\Ui\ChatFilter.cpp">
      <Filter>其它</Filter>
    </ClCompile>
    <ClCompile Include=".\Ui\FilterTextLib.cpp">
      <Filter>其它</Filter>
    </ClCompile>
    <ClCompile Include=".\KWin32App.cpp">
      <Filter>其它</Filter>
    </ClCompile>
    <ClCompile Include=".\S3Client.cpp">
      <Filter>其它</Filter>
    </ClCompile>
    <ClCompile Include=".\NetConnect\NetConnectAgent.cpp">
      <Filter>网络连接</Filter>
    </ClCompile>
    <ClCompile Include=".\Login\Login.cpp">
      <Filter>登陆</Filter>
    </ClCompile>
    <ClCompile Include=".\TextCtrlCmd\TextCtrlCmd.cpp">
      <Filter>文字命令控制</Filter>
    </ClCompile>
    <ClCompile Include=".\Ui\UiCase\UiCaveMap.cpp">
      <Filter>NewUI</Filter>
    </ClCompile>
    <ClCompile Include=".\ErrorCode.cpp" />
    <ClCompile Include=".\stdafx.cpp" />
  </ItemGroup>
  <ItemGroup>
    <ClInclude Include=".\Ui\Elem\AutoLocateWnd.h">
      <Filter>界面\界面基础</Filter>
    </ClInclude>
    <ClInclude Include=".\Ui\Elem\ComWindow.h">
      <Filter>界面\界面基础</Filter>
    </ClInclude>
    <ClInclude Include=".\Ui\Elem\MouseHover.h">
      <Filter>界面\界面基础</Filter>
    </ClInclude>
    <ClInclude Include=".\Ui\Elem\PopupMenu.h">
      <Filter>界面\界面基础</Filter>
    </ClInclude>
    <ClInclude Include=".\Ui\Elem\SpecialFuncs.h">
      <Filter>界面\界面基础</Filter>
    </ClInclude>
    <ClInclude Include=".\Ui\Elem\TextPic.h">
      <Filter>界面\界面基础</Filter>
    </ClInclude>
    <ClInclude Include=".\Ui\Elem\UiCursor.h">
      <Filter>界面\界面基础</Filter>
    </ClInclude>
    <ClInclude Include=".\Ui\Elem\UiImage.h">
      <Filter>界面\界面基础</Filter>
    </ClInclude>
    <ClInclude Include=".\Ui\Elem\WndButton.h">
      <Filter>界面\界面基础</Filter>
    </ClInclude>
    <ClInclude Include=".\Ui\Elem\WndChessPanel.h">
      <Filter>界面\界面基础</Filter>
    </ClInclude>
    <ClInclude Include=".\Ui\Elem\WndEdit.h">
      <Filter>界面\界面基础</Filter>
    </ClInclude>
    <ClInclude Include=".\Ui\Elem\WndGameSpace.h">
      <Filter>界面\界面基础</Filter>
    </ClInclude>
    <ClInclude Include=".\Ui\Elem\WndImage.h">
      <Filter>界面\界面基础</Filter>
    </ClInclude>
    <ClInclude Include=".\Ui\Elem\WndImagePart.h">
      <Filter>界面\界面基础</Filter>
    </ClInclude>
    <ClInclude Include=".\Ui\Elem\WndLabeledButton.h">
      <Filter>界面\界面基础</Filter>
    </ClInclude>
    <ClInclude Include=".\Ui\Elem\WndList.h">
      <Filter>界面\界面基础</Filter>
    </ClInclude>
    <ClInclude Include=".\Ui\Elem\WndList2.h">
      <Filter>界面\界面基础</Filter>
    </ClInclude>
    <ClInclude Include=".\Ui\Elem\WndMessage.h">
      <Filter>界面\界面基础</Filter>
    </ClInclude>
    <ClInclude Include=".\Ui\Elem\WndMessageListBox.h">
      <Filter>界面\界面基础</Filter>
    </ClInclude>
    <ClInclude Include=".\Ui\Elem\WndMovingImage.h">
      <Filter>界面\界面基础</Filter>
    </ClInclude>
    <ClInclude Include=".\Ui\Elem\WndObjContainer.h">
      <Filter>界面\界面基础</Filter>
    </ClInclude>
    <ClInclude Include=".\Ui\Elem\WndPage.h">
      <Filter>界面\界面基础</Filter>
    </ClInclude>
    <ClInclude Include=".\Ui\Elem\WndPureTextBtn.h">
      <Filter>界面\界面基础</Filter>
    </ClInclude>
    <ClInclude Include=".\Ui\Elem\Wnds.h">
      <Filter>界面\界面基础</Filter>
    </ClInclude>
    <ClInclude Include=".\Ui\Elem\WndScrollBar.h">
      <Filter>界面\界面基础</Filter>
    </ClInclude>
    <ClInclude Include=".\Ui\elem\WndShadow.h">
      <Filter>界面\界面基础</Filter>
    </ClInclude>
    <ClInclude Include=".\Ui\Elem\WndShowAnimate.h">
      <Filter>界面\界面基础</Filter>
    </ClInclude>
    <ClInclude Include=".\Ui\Elem\WndText.h">
      <Filter>界面\界面基础</Filter>
    </ClInclude>
    <ClInclude Include=".\Ui\Elem\WndToolBar.h">
      <Filter>界面\界面基础</Filter>
    </ClInclude>
    <ClInclude Include=".\Ui\Elem\WndValueImage.h">
      <Filter>界面\界面基础</Filter>
    </ClInclude>
    <ClInclude Include=".\Ui\Elem\WndWindow.h">
      <Filter>界面\界面基础</Filter>
    </ClInclude>
    <ClInclude Include=".\Ui\UiCase\UiConnectInfo.h">
      <Filter>界面\界面应用\登陆界面</Filter>
    </ClInclude>
    <ClInclude Include=".\Ui\UiCase\UiLogin.h">
      <Filter>界面\界面应用\登陆界面</Filter>
    </ClInclude>
    <ClInclude Include=".\Ui\UiCase\UiLoginBg.h">
      <Filter>界面\界面应用\登陆界面</Filter>
    </ClInclude>
    <ClInclude Include=".\Ui\UiCase\UiSelServer.h">
      <Filter>界面\界面应用\登陆界面</Filter>
    </ClInclude>
    <ClInclude Include=".\Ui\UiCase\UiContainer.h">
      <Filter>界面\界面应用\主角信息,状态界面</Filter>
    </ClInclude>
    <ClInclude Include=".\Ui\UiCase\UiFaceSelector.h">
      <Filter>界面\界面应用\主角信息,状态界面</Filter>
    </ClInclude>
    <ClInclude Include=".\Ui\UiCase\UiPlayerBar.h">
      <Filter>界面\界面应用\主角信息,状态界面</Filter>
    </ClInclude>
    <ClInclude Include=".\Ui\UiCase\UiStatus.h">
      <Filter>界面\界面应用\主角信息,状态界面</Filter>
    </ClInclude>
    <ClInclude Include=".\Ui\UiCase\UiManage.h">
      <Filter>界面\界面应用\管理界面</Filter>
    </ClInclude>
    <ClInclude Include=".\Ui\UiCase\UiOptions.h">
      <Filter>界面\界面应用\选项界面</Filter>
    </ClInclude>
    <ClInclude Include=".\Ui\UiCase\UiInit.h">
      <Filter>界面\界面应用\初始界面</Filter>
    </ClInclude>
    <ClInclude Include=".\Ui\UiCase\UiGetMoney.h">
      <Filter>界面\界面应用\道具,装备,技能界面、储物箱</Filter>
    </ClInclude>
    <ClInclude Include=".\Ui\UiCase\UiItem.h">
      <Filter>界面\界面应用\道具,装备,技能界面、储物箱</Filter>
    </ClInclude>
    <ClInclude Include=".\Ui\UiCase\UiSkills.h">
      <Filter>界面\界面应用\道具,装备,技能界面、储物箱</Filter>
    </ClInclude>
    <ClInclude Include=".\Ui\UiCase\UiSkillTree.h">
      <Filter>界面\界面应用\道具,装备,技能界面、储物箱</Filter>
    </ClInclude>
    <ClInclude Include=".\Ui\uicase\UiStoreBox.h">
      <Filter>界面\界面应用\道具,装备,技能界面、储物箱</Filter>
    </ClInclude>
    <ClInclude Include=".\Ui\UiCase\UiESCDlg.h">
      <Filter>界面\界面应用\其他界面</Filter>
    </ClInclude>
    <ClInclude Include=".\Ui\UiCase\UiGetString.h">
      <Filter>界面\界面应用\其他界面</Filter>
    </ClInclude>
    <ClInclude Include=".\Ui\UiCase\UiMsgSel.h">
      <Filter>界面\界面应用\其他界面</Filter>
    </ClInclude>
    <ClInclude Include=".\Ui\UiCase\UiParadeItem.h">
      <Filter>界面\界面应用\其他界面</Filter>
    </ClInclude>
    <ClInclude Include=".\Ui\UiCase\UiSelPlayerNearby.h">
      <Filter>界面\界面应用\其他界面</Filter>
    </ClInclude>
    <ClInclude Include=".\Ui\UiCase\UiNewPlayer.h">
      <Filter>界面\界面应用\角色选择</Filter>
    </ClInclude>
    <ClInclude Include=".\Ui\UiCase\UiSelNativePlace.h">
      <Filter>界面\界面应用\角色选择</Filter>
    </ClInclude>
    <ClInclude Include=".\Ui\UiCase\UiSelPlayer.h">
      <Filter>界面\界面应用\角色选择</Filter>
    </ClInclude>
    <ClInclude Include=".\Ui\UiCase\UiChannelSubscibe.h">
      <Filter>界面\界面应用\聊天</Filter>
    </ClInclude>
    <ClInclude Include=".\Ui\UiCase\UiChatCentre.h">
      <Filter>界面\界面应用\聊天</Filter>
    </ClInclude>
    <ClInclude Include=".\Ui\UiChatPhrase.h">
      <Filter>界面\界面应用\聊天</Filter>
    </ClInclude>
    <ClInclude Include=".\Ui\UiCase\UiChatStatus.h">
      <Filter>界面\界面应用\聊天</Filter>
    </ClInclude>
    <ClInclude Include=".\Ui\UiCase\UiInformation.h">
      <Filter>界面\界面应用\提示窗口</Filter>
    </ClInclude>
    <ClInclude Include=".\Ui\UiCase\UiInformation2.h">
      <Filter>界面\界面应用\提示窗口</Filter>
    </ClInclude>
    <ClInclude Include=".\Ui\UiCase\UiTeamManage.h">
      <Filter>界面\界面应用\组队</Filter>
    </ClInclude>
    <ClInclude Include=".\Ui\UiCase\UiHeaderControlBar.h">
      <Filter>界面\界面应用\屏幕顶行控制条与消息界面</Filter>
    </ClInclude>
    <ClInclude Include=".\Ui\UiCase\UiMsgCentrePad.h">
      <Filter>界面\界面应用\屏幕顶行控制条与消息界面</Filter>
    </ClInclude>
    <ClInclude Include=".\Ui\UiCase\UiToolsControlBar.h">
      <Filter>界面\界面应用\屏幕顶行控制条与消息界面</Filter>
    </ClInclude>
    <ClInclude Include=".\Ui\UIcase\UiShop.h">
      <Filter>界面\界面应用\交易</Filter>
    </ClInclude>
    <ClInclude Include=".\Ui\UiCase\UiTrade.h">
      <Filter>界面\界面应用\交易</Filter>
    </ClInclude>
    <ClInclude Include=".\Ui\UiCase\UiTradeConfirmWnd.h">
      <Filter>界面\界面应用\交易</Filter>
    </ClInclude>
    <ClInclude Include=".\Ui\UiCase\UiGame.h">
      <Filter>界面\界面应用\游戏世界窗口</Filter>
    </ClInclude>
    <ClInclude Include=".\Ui\UiCase\UiSysMsgCentre.h">
      <Filter>界面\界面应用\系统消息</Filter>
    </ClInclude>
    <ClInclude Include=".\Ui\uicase\UiMiniMap.h">
      <Filter>界面\界面应用\小地图</Filter>
    </ClInclude>
    <ClInclude Include=".\Ui\UiCase\UiSelColor.h">
      <Filter>界面\界面应用\选颜色</Filter>
    </ClInclude>
    <ClInclude Include=".\Ui\UiCase\UiNewPlayerStartMsg.h">
      <Filter>界面\界面应用\新手进入界面</Filter>
    </ClInclude>
    <ClInclude Include=".\Ui\UiCase\UiPlayVideo.h">
      <Filter>界面\界面应用\播放video</Filter>
    </ClInclude>
    <ClInclude Include=".\Ui\UiCase\UiHelper.h">
      <Filter>界面\界面应用\帮助界面</Filter>
    </ClInclude>
    <ClInclude Include=".\Ui\UiCase\UiHelper2.h">
      <Filter>界面\界面应用\帮助界面</Filter>
    </ClInclude>
    <ClInclude Include=".\Ui\UiCase\UiReconnect.h">
      <Filter>界面\界面应用\自动重连</Filter>
    </ClInclude>
    <ClInclude Include=".\Ui\UiCase\UiTaskDataFile.h">
      <Filter>界面\界面应用\任务记录</Filter>
    </ClInclude>
    <ClInclude Include=".\Ui\UiCase\UiTaskNote.h">
      <Filter>界面\界面应用\任务记录</Filter>
    </ClInclude>
    <ClInclude Include=".\Ui\UiCase\UiWorldMap.h">
      <Filter>界面\界面应用\世界地图</Filter>
    </ClInclude>
    <ClInclude Include=".\Ui\UiCase\UiNewsMessage.h">
      <Filter>界面\界面应用\新闻窗口</Filter>
    </ClInclude>
    <ClInclude Include=".\Ui\UiCase\UiStrengthRank.h">
      <Filter>界面\界面应用\排名界面</Filter>
    </ClInclude>
    <ClInclude Include=".\ui\uicase\UiPopupPasswordQuery.h">
      <Filter>界面\界面应用\帮会界面</Filter>
    </ClInclude>
    <ClInclude Include=".\ui\uicase\UiTongAssignBox.h">
      <Filter>界面\界面应用\帮会界面</Filter>
    </ClInclude>
    <ClInclude Include=".\ui\uicase\UiTongCreateSheet.h">
      <Filter>界面\界面应用\帮会界面</Filter>
    </ClInclude>
    <ClInclude Include=".\Ui\UiCase\UiTongDistrib.h">
      <Filter>界面\界面应用\帮会界面</Filter>
    </ClInclude>
    <ClInclude Include=".\Ui\UiCase\UiTongGetString.h">
      <Filter>界面\界面应用\帮会界面</Filter>
    </ClInclude>
    <ClInclude Include=".\ui\uicase\UiTongManager.h">
      <Filter>界面\界面应用\帮会界面</Filter>
    </ClInclude>
    <ClInclude Include=".\ui\uicase\UiTrembleItem.h">
      <Filter>界面\界面应用\打造物品界面</Filter>
    </ClInclude>
    <ClInclude Include=".\Ui\UiSoundSetting.h">
      <Filter>界面\界面声音</Filter>
    </ClInclude>
    <ClInclude Include=".\Ui\ShortcutKey.h">
      <Filter>界面</Filter>
    </ClInclude>
    <ClInclude Include=".\Ui\UiBase.h">
      <Filter>界面</Filter>
    </ClInclude>
    <ClInclude Include=".\Ui\UiShell.h">
      <Filter>界面</Filter>
    </ClInclude>
    <ClInclude Include=".\Ui\ChatFilter.h">
      <Filter>其它</Filter>
    </ClInclude>
    <ClInclude Include=".\Ui\FilterTextLib.h">
      <Filter>其它</Filter>
    </ClInclude>
    <ClInclude Include=".\KWin32App.h">
      <Filter>其它</Filter>
    </ClInclude>
    <ClInclude Include=".\S3Client.h">
      <Filter>其它</Filter>
    </ClInclude>
    <ClInclude Include=".\NetConnect\NetConnectAgent.h">
      <Filter>网络连接</Filter>
    </ClInclude>
    <ClInclude Include=".\NetConnect\NetMsgTargetObject.h">
      <Filter>网络连接</Filter>
    </ClInclude>
    <ClInclude Include=".\Login\Login.h">
      <Filter>登陆</Filter>
    </ClInclude>
    <ClInclude Include=".\Login\LoginDef.h">
      <Filter>登陆</Filter>
    </ClInclude>
    <ClInclude Include=".\TextCtrlCmd\TextCtrlCmd.h">
      <Filter>文字命令控制</Filter>
    </ClInclude>
    <ClInclude Include=".\Ui\UiCase\avir.h">
      <Filter>lib</Filter>
    </ClInclude>
    <ClInclude Include=".\Ui\UiCase\UiCaveMap.h">
      <Filter>NewUI</Filter>
    </ClInclude>
    <ClInclude Include=".\ErrorCode.h" />
    <ClInclude Include=".\resource.h" />
  </ItemGroup>
  <ItemGroup>
    <ResourceCompile Include=".\Script1.rc" />
  </ItemGroup>
  <ItemGroup>
    <Library Include="..\..\Lib\debug\engine.lib">
      <Filter>lib\debug</Filter>
    </Library>
    <Library Include="..\..\Lib\debug\CoreClient.lib">
      <Filter>lib\debug</Filter>
    </Library>
    <Library Include="..\..\Lib\release\engine.lib">
      <Filter>lib\release</Filter>
    </Library>
    <Library Include="..\..\Lib\release\CoreClient.lib">
      <Filter>lib\release</Filter>
    </Library>
  </ItemGroup>
  <ItemGroup>
    <Image Include=".\test.ico" />
  </ItemGroup>
</Project>
